
Microsoft Visual Studio Solution File, Format Version 12.00
# Visual Studio Version 16
VisualStudioVersion = 16.0.30310.162
MinimumVisualStudioVersion = 10.0.40219.1
Project("{FAE04EC0-301F-11D3-BF4B-00C04F79EFBC}") = "EFCoreMigrationUpdateData", "EFCoreMigrationUpdateData\EFCoreMigrationUpdateData.csproj", "{5E189E55-6634-4205-973A-8DDAE708097A}"
EndProject
Project("{2150E333-8FDC-42A3-9474-1A3956D46DE8}") = ".solution", ".solution", "{7EFE1FC2-8163-4ACC-BA47-603BA8916D68}"
	ProjectSection(SolutionItems) = preProject
		dotnet-tools.json = dotnet-tools.json
		README.md = README.md
	EndProjectSection
EndProject
Global
	GlobalSection(SolutionConfigurationPlatforms) = preSolution
		Debug|Any CPU = Debug|Any CPU
		Release|Any CPU = Release|Any CPU
	EndGlobalSection
	GlobalSection(ProjectConfigurationPlatforms) = postSolution
		{5E189E55-6634-4205-973A-8DDAE708097A}.Debug|Any CPU.ActiveCfg = Debug|Any CPU
		{5E189E55-6634-4205-973A-8DDAE708097A}.Debug|Any CPU.Build.0 = Debug|Any CPU
		{5E189E55-6634-4205-973A-8DDAE708097A}.Release|Any CPU.ActiveCfg = Release|Any CPU
		{5E189E55-6634-4205-973A-8DDAE708097A}.Release|Any CPU.Build.0 = Release|Any CPU
	EndGlobalSection
	GlobalSection(SolutionProperties) = preSolution
		HideSolutionNode = FALSE
	EndGlobalSection
	GlobalSection(ExtensibilityGlobals) = postSolution
		SolutionGuid = {9E9CBAD3-0D58-4991-864B-1AD22B7D3104}
	EndGlobalSection
EndGlobal
